
Microsoft Visual Studio Solution File, Format Version 12.00
# Visual Studio Version 16
VisualStudioVersion = 16.0.31702.278
MinimumVisualStudioVersion = 10.0.40219.1
Project("{FAE04EC0-301F-11D3-BF4B-00C04F79EFBC}") = "ServerCodeRest_025", "ServerCodeRest_025\ServerCodeRest_025.csproj", "{46447575-2C1A-463A-8AB9-5BDAB88D9ABD}"
EndProject
Global
	GlobalSection(SolutionConfigurationPlatforms) = preSolution
		Debug|Any CPU = Debug|Any CPU
		Release|Any CPU = Release|Any CPU
	EndGlobalSection
	GlobalSection(ProjectConfigurationPlatforms) = postSolution
		{46447575-2C1A-463A-8AB9-5BDAB88D9ABD}.Debug|Any CPU.ActiveCfg = Debug|Any CPU
		{46447575-2C1A-463A-8AB9-5BDAB88D9ABD}.Debug|Any CPU.Build.0 = Debug|Any CPU
		{46447575-2C1A-463A-8AB9-5BDAB88D9ABD}.Release|Any CPU.ActiveCfg = Release|Any CPU
		{46447575-2C1A-463A-8AB9-5BDAB88D9ABD}.Release|Any CPU.Build.0 = Release|Any CPU
	EndGlobalSection
	GlobalSection(SolutionProperties) = preSolution
		HideSolutionNode = FALSE
	EndGlobalSection
	GlobalSection(ExtensibilityGlobals) = postSolution
		SolutionGuid = {464891EC-7D09-428F-8265-B7CDA3B1B184}
	EndGlobalSection
EndGlobal
